
Microsoft Visual Studio Solution File, Format Version 12.00
# Visual Studio Version 17
VisualStudioVersion = 17.7.34221.43
MinimumVisualStudioVersion = 10.0.40219.1
Project("{FAE04EC0-301F-11D3-BF4B-00C04F79EFBC}") = "Bincom-CV", "Bincom-CV.csproj", "{818D50F1-5091-41DE-A7D8-963DE4FDF051}"
EndProject
Global
	GlobalSection(SolutionConfigurationPlatforms) = preSolution
		Debug|Any CPU = Debug|Any CPU
		Release|Any CPU = Release|Any CPU
	EndGlobalSection
	GlobalSection(ProjectConfigurationPlatforms) = postSolution
		{818D50F1-5091-41DE-A7D8-963DE4FDF051}.Debug|Any CPU.ActiveCfg = Debug|Any CPU
		{818D50F1-5091-41DE-A7D8-963DE4FDF051}.Debug|Any CPU.Build.0 = Debug|Any CPU
		{818D50F1-5091-41DE-A7D8-963DE4FDF051}.Release|Any CPU.ActiveCfg = Release|Any CPU
		{818D50F1-5091-41DE-A7D8-963DE4FDF051}.Release|Any CPU.Build.0 = Release|Any CPU
	EndGlobalSection
	GlobalSection(SolutionProperties) = preSolution
		HideSolutionNode = FALSE
	EndGlobalSection
	GlobalSection(ExtensibilityGlobals) = postSolution
		SolutionGuid = {589ED586-4C27-4101-91B3-9C0B0DEF2B39}
	EndGlobalSection
EndGlobal
